
Microsoft Visual Studio Solution File, Format Version 12.00
# Visual Studio 15
VisualStudioVersion = 15.0.27004.2009
MinimumVisualStudioVersion = 10.0.40219.1
Project("{FAE04EC0-301F-11D3-BF4B-00C04F79EFBC}") = "Examples2.Android", "Examples2\Examples2.Android\Examples2.Android.csproj", "{A33399BB-961A-48D3-96E6-3C0D28C7C253}"
EndProject
Project("{FAE04EC0-301F-11D3-BF4B-00C04F79EFBC}") = "Examples2", "Examples2\Examples2\Examples2.csproj", "{FBFB7375-05D0-4377-956F-B5FF15BB8135}"
EndProject
Project("{FAE04EC0-301F-11D3-BF4B-00C04F79EFBC}") = "Examples2.iOS", "Examples2\Examples2.iOS\Examples2.iOS.csproj", "{5308E856-BE3C-41CA-9094-052F7BED2BE2}"
EndProject
Global
	GlobalSection(SolutionConfigurationPlatforms) = preSolution
		Ad-Hoc|Any CPU = Ad-Hoc|Any CPU
		Ad-Hoc|iPhone = Ad-Hoc|iPhone
		Ad-Hoc|iPhoneSimulator = Ad-Hoc|iPhoneSimulator
		AppStore|Any CPU = AppStore|Any CPU
		AppStore|iPhone = AppStore|iPhone
		AppStore|iPhoneSimulator = AppStore|iPhoneSimulator
		Debug|Any CPU = Debug|Any CPU
		Debug|iPhone = Debug|iPhone
		Debug|iPhoneSimulator = Debug|iPhoneSimulator
		Release|Any CPU = Release|Any CPU
		Release|iPhone = Release|iPhone
		Release|iPhoneSimulator = Release|iPhoneSimulator
	EndGlobalSection
	GlobalSection(ProjectConfigurationPlatforms) = postSolution
		{A33399BB-961A-48D3-96E6-3C0D28C7C253}.Ad-Hoc|Any CPU.ActiveCfg = Release|Any CPU
		{A33399BB-961A-48D3-96E6-3C0D28C7C253}.Ad-Hoc|Any CPU.Build.0 = Release|Any CPU
		{A33399BB-961A-48D3-96E6-3C0D28C7C253}.Ad-Hoc|Any CPU.Deploy.0 = Release|Any CPU
		{A33399BB-961A-48D3-96E6-3C0D28C7C253}.Ad-Hoc|iPhone.ActiveCfg = Release|Any CPU
		{A33399BB-961A-48D3-96E6-3C0D28C7C253}.Ad-Hoc|iPhone.Build.0 = Release|Any CPU
		{A33399BB-961A-48D3-96E6-3C0D28C7C253}.Ad-Hoc|iPhone.Deploy.0 = Release|Any CPU
		{A33399BB-961A-48D3-96E6-3C0D28C7C253}.Ad-Hoc|iPhoneSimulator.ActiveCfg = Release|Any CPU
		{A33399BB-961A-48D3-96E6-3C0D28C7C253}.Ad-Hoc|iPhoneSimulator.Build.0 = Release|Any CPU
		{A33399BB-961A-48D3-96E6-3C0D28C7C253}.Ad-Hoc|iPhoneSimulator.Deploy.0 = Release|Any CPU
		{A33399BB-961A-48D3-96E6-3C0D28C7C253}.AppStore|Any CPU.ActiveCfg = Release|Any CPU
		{A33399BB-961A-48D3-96E6-3C0D28C7C253}.AppStore|Any CPU.Build.0 = Release|Any CPU
		{A33399BB-961A-48D3-96E6-3C0D28C7C253}.AppStore|Any CPU.Deploy.0 = Release|Any CPU
		{A33399BB-961A-48D3-96E6-3C0D28C7C253}.AppStore|iPhone.ActiveCfg = Release|Any CPU
		{A33399BB-961A-48D3-96E6-3C0D28C7C253}.AppStore|iPhone.Build.0 = Release|Any CPU
		{A33399BB-961A-48D3-96E6-3C0D28C7C253}.AppStore|iPhone.Deploy.0 = Release|Any CPU
		{A33399BB-961A-48D3-96E6-3C0D28C7C253}.AppStore|iPhoneSimulator.ActiveCfg = Release|Any CPU
		{A33399BB-961A-48D3-96E6-3C0D28C7C253}.AppStore|iPhoneSimulator.Build.0 = Release|Any CPU
		{A33399BB-961A-48D3-96E6-3C0D28C7C253}.AppStore|iPhoneSimulator.Deploy.0 = Release|Any CPU
		{A33399BB-961A-48D3-96E6-3C0D28C7C253}.Debug|Any CPU.ActiveCfg = Debug|Any CPU
		{A33399BB-961A-48D3-96E6-3C0D28C7C253}.Debug|Any CPU.Build.0 = Debug|Any CPU
		{A33399BB-961A-48D3-96E6-3C0D28C7C253}.Debug|Any CPU.Deploy.0 = Debug|Any CPU
		{A33399BB-961A-48D3-96E6-3C0D28C7C253}.Debug|iPhone.ActiveCfg = Debug|Any CPU
		{A33399BB-961A-48D3-96E6-3C0D28C7C253}.Debug|iPhone.Build.0 = Debug|Any CPU
		{A33399BB-961A-48D3-96E6-3C0D28C7C253}.Debug|iPhone.Deploy.0 = Debug|Any CPU
		{A33399BB-961A-48D3-96E6-3C0D28C7C253}.Debug|iPhoneSimulator.ActiveCfg = Debug|Any CPU
		{A33399BB-961A-48D3-96E6-3C0D28C7C253}.Debug|iPhoneSimulator.Build.0 = Debug|Any CPU
		{A33399BB-961A-48D3-96E6-3C0D28C7C253}.Debug|iPhoneSimulator.Deploy.0 = Debug|Any CPU
		{A33399BB-961A-48D3-96E6-3C0D28C7C253}.Release|Any CPU.ActiveCfg = Release|Any CPU
		{A33399BB-961A-48D3-96E6-3C0D28C7C253}.Release|Any CPU.Build.0 = Release|Any CPU
		{A33399BB-961A-48D3-96E6-3C0D28C7C253}.Release|Any CPU.Deploy.0 = Release|Any CPU
		{A33399BB-961A-48D3-96E6-3C0D28C7C253}.Release|iPhone.ActiveCfg = Release|Any CPU
		{A33399BB-961A-48D3-96E6-3C0D28C7C253}.Release|iPhone.Build.0 = Release|Any CPU
		{A33399BB-961A-48D3-96E6-3C0D28C7C253}.Release|iPhone.Deploy.0 = Release|Any CPU
		{A33399BB-961A-48D3-96E6-3C0D28C7C253}.Release|iPhoneSimulator.ActiveCfg = Release|Any CPU
		{A33399BB-961A-48D3-96E6-3C0D28C7C253}.Release|iPhoneSimulator.Build.0 = Release|Any CPU
		{A33399BB-961A-48D3-96E6-3C0D28C7C253}.Release|iPhoneSimulator.Deploy.0 = Release|Any CPU
		{FBFB7375-05D0-4377-956F-B5FF15BB8135}.Ad-Hoc|Any CPU.ActiveCfg = Release|Any CPU
		{FBFB7375-05D0-4377-956F-B5FF15BB8135}.Ad-Hoc|Any CPU.Build.0 = Release|Any CPU
		{FBFB7375-05D0-4377-956F-B5FF15BB8135}.Ad-Hoc|iPhone.ActiveCfg = Release|Any CPU
		{FBFB7375-05D0-4377-956F-B5FF15BB8135}.Ad-Hoc|iPhone.Build.0 = Release|Any CPU
		{FBFB7375-05D0-4377-956F-B5FF15BB8135}.Ad-Hoc|iPhoneSimulator.ActiveCfg = Release|Any CPU
		{FBFB7375-05D0-4377-956F-B5FF15BB8135}.Ad-Hoc|iPhoneSimulator.Build.0 = Release|Any CPU
		{FBFB7375-05D0-4377-956F-B5FF15BB8135}.AppStore|Any CPU.ActiveCfg = Release|Any CPU
		{FBFB7375-05D0-4377-956F-B5FF15BB8135}.AppStore|Any CPU.Build.0 = Release|Any CPU
		{FBFB7375-05D0-4377-956F-B5FF15BB8135}.AppStore|iPhone.ActiveCfg = Release|Any CPU
		{FBFB7375-05D0-4377-956F-B5FF15BB8135}.AppStore|iPhone.Build.0 = Release|Any CPU
		{FBFB7375-05D0-4377-956F-B5FF15BB8135}.AppStore|iPhoneSimulator.ActiveCfg = Release|Any CPU
		{FBFB7375-05D0-4377-956F-B5FF15BB8135}.AppStore|iPhoneSimulator.Build.0 = Release|Any CPU
		{FBFB7375-05D0-4377-956F-B5FF15BB8135}.Debug|Any CPU.ActiveCfg = Debug|Any CPU
		{FBFB7375-05D0-4377-956F-B5FF15BB8135}.Debug|Any CPU.Build.0 = Debug|Any CPU
		{FBFB7375-05D0-4377-956F-B5FF15BB8135}.Debug|iPhone.ActiveCfg = Debug|Any CPU
		{FBFB7375-05D0-4377-956F-B5FF15BB8135}.Debug|iPhone.Build.0 = Debug|Any CPU
		{FBFB7375-05D0-4377-956F-B5FF15BB8135}.Debug|iPhoneSimulator.ActiveCfg = Debug|Any CPU
		{FBFB7375-05D0-4377-956F-B5FF15BB8135}.Debug|iPhoneSimulator.Build.0 = Debug|Any CPU
		{FBFB7375-05D0-4377-956F-B5FF15BB8135}.Release|Any CPU.ActiveCfg = Release|Any CPU
		{FBFB7375-05D0-4377-956F-B5FF15BB8135}.Release|Any CPU.Build.0 = Release|Any CPU
		{FBFB7375-05D0-4377-956F-B5FF15BB8135}.Release|iPhone.ActiveCfg = Release|Any CPU
		{FBFB7375-05D0-4377-956F-B5FF15BB8135}.Release|iPhone.Build.0 = Release|Any CPU
		{FBFB7375-05D0-4377-956F-B5FF15BB8135}.Release|iPhoneSimulator.ActiveCfg = Release|Any CPU
		{FBFB7375-05D0-4377-956F-B5FF15BB8135}.Release|iPhoneSimulator.Build.0 = Release|Any CPU
		{5308E856-BE3C-41CA-9094-052F7BED2BE2}.Ad-Hoc|Any CPU.ActiveCfg = Ad-Hoc|iPhoneSimulator
		{5308E856-BE3C-41CA-9094-052F7BED2BE2}.Ad-Hoc|iPhone.ActiveCfg = Ad-Hoc|iPhone
		{5308E856-BE3C-41CA-9094-052F7BED2BE2}.Ad-Hoc|iPhone.Build.0 = Ad-Hoc|iPhone
		{5308E856-BE3C-41CA-9094-052F7BED2BE2}.Ad-Hoc|iPhoneSimulator.ActiveCfg = Ad-Hoc|iPhoneSimulator
		{5308E856-BE3C-41CA-9094-052F7BED2BE2}.Ad-Hoc|iPhoneSimulator.Build.0 = Ad-Hoc|iPhoneSimulator
		{5308E856-BE3C-41CA-9094-052F7BED2BE2}.AppStore|Any CPU.ActiveCfg = AppStore|iPhoneSimulator
		{5308E856-BE3C-41CA-9094-052F7BED2BE2}.AppStore|iPhone.ActiveCfg = AppStore|iPhone
		{5308E856-BE3C-41CA-9094-052F7BED2BE2}.AppStore|iPhone.Build.0 = AppStore|iPhone
		{5308E856-BE3C-41CA-9094-052F7BED2BE2}.AppStore|iPhoneSimulator.ActiveCfg = AppStore|iPhoneSimulator
		{5308E856-BE3C-41CA-9094-052F7BED2BE2}.AppStore|iPhoneSimulator.Build.0 = AppStore|iPhoneSimulator
		{5308E856-BE3C-41CA-9094-052F7BED2BE2}.Debug|Any CPU.ActiveCfg = Debug|iPhoneSimulator
		{5308E856-BE3C-41CA-9094-052F7BED2BE2}.Debug|iPhone.ActiveCfg = Debug|iPhone
		{5308E856-BE3C-41CA-9094-052F7BED2BE2}.Debug|iPhone.Build.0 = Debug|iPhone
		{5308E856-BE3C-41CA-9094-052F7BED2BE2}.Debug|iPhoneSimulator.ActiveCfg = Debug|iPhoneSimulator
		{5308E856-BE3C-41CA-9094-052F7BED2BE2}.Debug|iPhoneSimulator.Build.0 = Debug|iPhoneSimulator
		{5308E856-BE3C-41CA-9094-052F7BED2BE2}.Release|Any CPU.ActiveCfg = Release|iPhoneSimulator
		{5308E856-BE3C-41CA-9094-052F7BED2BE2}.Release|iPhone.ActiveCfg = Release|iPhone
		{5308E856-BE3C-41CA-9094-052F7BED2BE2}.Release|iPhone.Build.0 = Release|iPhone
		{5308E856-BE3C-41CA-9094-052F7BED2BE2}.Release|iPhoneSimulator.ActiveCfg = Release|iPhoneSimulator
		{5308E856-BE3C-41CA-9094-052F7BED2BE2}.Release|iPhoneSimulator.Build.0 = Release|iPhoneSimulator
	EndGlobalSection
	GlobalSection(SolutionProperties) = preSolution
		HideSolutionNode = FALSE
	EndGlobalSection
	GlobalSection(ExtensibilityGlobals) = postSolution
		SolutionGuid = {35D2181F-B766-4CF3-AF61-94B845B12F80}
	EndGlobalSection
EndGlobal
